
Microsoft Visual Studio Solution File, Format Version 12.00
# Visual Studio Version 18
VisualStudioVersion = 18.3.11520.95
MinimumVisualStudioVersion = 10.0.40219.1
Project("{FAE04EC0-301F-11D3-BF4B-00C04F79EFBC}") = "TensionDev.ULID.Serialization.SystemTextJson", "TensionDev.ULID.Serialization.SystemTextJson\TensionDev.ULID.Serialization.SystemTextJson.csproj", "{15DBB42E-31D1-4C9A-A699-9692796EE842}"
EndProject
Project("{FAE04EC0-301F-11D3-BF4B-00C04F79EFBC}") = "TensionDev.ULID.Serialization.SystemTextJson.Tests", "TensionDev.ULID.Serialization.SystemTextJson.Tests\TensionDev.ULID.Serialization.SystemTextJson.Tests.csproj", "{B20108AB-DFB4-4A2D-8B15-F21843F6BEEB}"
EndProject
Global
	GlobalSection(SolutionConfigurationPlatforms) = preSolution
		Debug|Any CPU = Debug|Any CPU
		Release|Any CPU = Release|Any CPU
	EndGlobalSection
	GlobalSection(ProjectConfigurationPlatforms) = postSolution
		{15DBB42E-31D1-4C9A-A699-9692796EE842}.Debug|Any CPU.ActiveCfg = Debug|Any CPU
		{15DBB42E-31D1-4C9A-A699-9692796EE842}.Debug|Any CPU.Build.0 = Debug|Any CPU
		{15DBB42E-31D1-4C9A-A699-9692796EE842}.Release|Any CPU.ActiveCfg = Release|Any CPU
		{15DBB42E-31D1-4C9A-A699-9692796EE842}.Release|Any CPU.Build.0 = Release|Any CPU
		{B20108AB-DFB4-4A2D-8B15-F21843F6BEEB}.Debug|Any CPU.ActiveCfg = Debug|Any CPU
		{B20108AB-DFB4-4A2D-8B15-F21843F6BEEB}.Debug|Any CPU.Build.0 = Debug|Any CPU
		{B20108AB-DFB4-4A2D-8B15-F21843F6BEEB}.Release|Any CPU.ActiveCfg = Release|Any CPU
		{B20108AB-DFB4-4A2D-8B15-F21843F6BEEB}.Release|Any CPU.Build.0 = Release|Any CPU
	EndGlobalSection
	GlobalSection(SolutionProperties) = preSolution
		HideSolutionNode = FALSE
	EndGlobalSection
	GlobalSection(ExtensibilityGlobals) = postSolution
		SolutionGuid = {713B984A-DA0A-47FE-A4C4-E78C31253C70}
	EndGlobalSection
EndGlobal
